
Microsoft Visual Studio Solution File, Format Version 12.00
# Visual Studio Version 16
VisualStudioVersion = 16.0.810.8
MinimumVisualStudioVersion = 10.0.40219.1
Project("{FAE04EC0-301F-11D3-BF4B-00C04F79EFBC}") = "MinimalBudget", "MinimalBudget\MinimalBudget.csproj", "{52E29F95-A854-437D-8CA4-9438DCE52CF3}"
EndProject
Global
	GlobalSection(SolutionConfigurationPlatforms) = preSolution
		Debug|Any CPU = Debug|Any CPU
		Release|Any CPU = Release|Any CPU
	EndGlobalSection
	GlobalSection(ProjectConfigurationPlatforms) = postSolution
		{52E29F95-A854-437D-8CA4-9438DCE52CF3}.Debug|Any CPU.ActiveCfg = Debug|Any CPU
		{52E29F95-A854-437D-8CA4-9438DCE52CF3}.Debug|Any CPU.Build.0 = Debug|Any CPU
		{52E29F95-A854-437D-8CA4-9438DCE52CF3}.Release|Any CPU.ActiveCfg = Release|Any CPU
		{52E29F95-A854-437D-8CA4-9438DCE52CF3}.Release|Any CPU.Build.0 = Release|Any CPU
	EndGlobalSection
	GlobalSection(SolutionProperties) = preSolution
		HideSolutionNode = FALSE
	EndGlobalSection
	GlobalSection(ExtensibilityGlobals) = postSolution
		SolutionGuid = {1FCDE9AB-DCFF-4EB3-8957-89A9E98DEE9C}
	EndGlobalSection
EndGlobal
